{
  "name": "VeganCheck",
  "version": "1.2.0",
  "lockfileVersion": 2,
  "requires": true,
  "packages": {
    "": {
      "name": "VeganCheck",
      "version": "1.2.0",
      "dependencies": {
        "barcode-reader": "^1.6.1",
        "jquery": "^3.6.3"
      }
    },
    "node_modules/barcode-reader": {
      "version": "1.6.1",
      "resolved": "https://registry.npmjs.org/barcode-reader/-/barcode-reader-1.6.1.tgz",
      "integrity": "sha512-7IEhCNzY0g0sXPuS9qybjssIq/CY17U4vEDZXP8wpztsmHnKZ/iFODl+aA1JX7cbTpHDSCjev12eIq/VlXq95g=="
    },
    "node_modules/jquery": {
      "version": "3.6.3",
      "resolved": "https://registry.npmjs.org/jquery/-/jquery-3.6.3.tgz",
      "integrity": "sha512-bZ5Sy3YzKo9Fyc8wH2iIQK4JImJ6R0GWI9kL1/k7Z91ZBNgkRXE6U0JfHIizZbort8ZunhSI3jw9I6253ahKfg=="
    }
  },
  "dependencies": {
    "barcode-reader": {
      "version": "1.6.1",
      "resolved": "https://registry.npmjs.org/barcode-reader/-/barcode-reader-1.6.1.tgz",
      "integrity": "sha512-7IEhCNzY0g0sXPuS9qybjssIq/CY17U4vEDZXP8wpztsmHnKZ/iFODl+aA1JX7cbTpHDSCjev12eIq/VlXq95g=="
    },
    "jquery": {
      "version": "3.6.3",
      "resolved": "https://registry.npmjs.org/jquery/-/jquery-3.6.3.tgz",
      "integrity": "sha512-bZ5Sy3YzKo9Fyc8wH2iIQK4JImJ6R0GWI9kL1/k7Z91ZBNgkRXE6U0JfHIizZbort8ZunhSI3jw9I6253ahKfg=="
    }
  }
}
