{
  "name": "VeganCheck",
  "version": "1.2.0",
  "lockfileVersion": 2,
  "requires": true,
  "packages": {
    "": {
      "name": "VeganCheck",
      "version": "1.2.0",
      "dependencies": {
        "barcode-reader": "^1.6.1",
        "jquery": "^3.6.0",
        "pwa-install-prompt": "^1.1.1"
      }
    },
    "node_modules/barcode-reader": {
      "version": "1.6.1",
      "resolved": "https://registry.npmjs.org/barcode-reader/-/barcode-reader-1.6.1.tgz",
      "integrity": "sha512-7IEhCNzY0g0sXPuS9qybjssIq/CY17U4vEDZXP8wpztsmHnKZ/iFODl+aA1JX7cbTpHDSCjev12eIq/VlXq95g=="
    },
    "node_modules/jquery": {
      "version": "3.6.0",
      "resolved": "https://registry.npmjs.org/jquery/-/jquery-3.6.0.tgz",
      "integrity": "sha512-JVzAR/AjBvVt2BmYhxRCSYysDsPcssdmTFnzyLEts9qNwmjmu4JTAMYubEfwVOSwpQ1I1sKKFcxhZCI2buerfw=="
    },
    "node_modules/pwa-install-prompt": {
      "version": "1.1.1",
      "resolved": "https://registry.npmjs.org/pwa-install-prompt/-/pwa-install-prompt-1.1.1.tgz",
      "integrity": "sha512-rZFSKYkdNgjSDXxJaCC5LbLF/lZZldHoQ2SAWIh7JsHUqNhMuDrnpepGG6me5wWNOHjdmxl+xsueSDTLvak3qA=="
    }
  },
  "dependencies": {
    "barcode-reader": {
      "version": "1.6.1",
      "resolved": "https://registry.npmjs.org/barcode-reader/-/barcode-reader-1.6.1.tgz",
      "integrity": "sha512-7IEhCNzY0g0sXPuS9qybjssIq/CY17U4vEDZXP8wpztsmHnKZ/iFODl+aA1JX7cbTpHDSCjev12eIq/VlXq95g=="
    },
    "jquery": {
      "version": "3.6.0",
      "resolved": "https://registry.npmjs.org/jquery/-/jquery-3.6.0.tgz",
      "integrity": "sha512-JVzAR/AjBvVt2BmYhxRCSYysDsPcssdmTFnzyLEts9qNwmjmu4JTAMYubEfwVOSwpQ1I1sKKFcxhZCI2buerfw=="
    },
    "pwa-install-prompt": {
      "version": "1.1.1",
      "resolved": "https://registry.npmjs.org/pwa-install-prompt/-/pwa-install-prompt-1.1.1.tgz",
      "integrity": "sha512-rZFSKYkdNgjSDXxJaCC5LbLF/lZZldHoQ2SAWIh7JsHUqNhMuDrnpepGG6me5wWNOHjdmxl+xsueSDTLvak3qA=="
    }
  }
}
